
Microsoft Visual Studio Solution File, Format Version 12.00
# Visual Studio Version 17
VisualStudioVersion = 17.3.32922.545
MinimumVisualStudioVersion = 10.0.40219.1
Project("{9A19103F-16F7-4668-BE54-9A1E7A4F7556}") = "Dershane.Mvc", "Ders1\Dershane.Mvc.csproj", "{306093C3-B894-407A-BEF3-FE6E740EE79F}"
EndProject
Project("{9A19103F-16F7-4668-BE54-9A1E7A4F7556}") = "Dershane.Domain", "Models\Dershane.Domain.csproj", "{9520183B-8832-4EC7-BCA3-D02A08CC8B37}"
EndProject
Project("{9A19103F-16F7-4668-BE54-9A1E7A4F7556}") = "Dershane.DataAccsess", "DataAccess\Dershane.DataAccsess.csproj", "{515FABCB-F214-4778-9AE9-54F287251795}"
EndProject
Project("{9A19103F-16F7-4668-BE54-9A1E7A4F7556}") = "Dershane.Utility", "Utility\Dershane.Utility.csproj", "{E3D304A9-877D-46FC-8675-E59486706D3A}"
EndProject
Global
	GlobalSection(SolutionConfigurationPlatforms) = preSolution
		Debug|Any CPU = Debug|Any CPU
		Release|Any CPU = Release|Any CPU
	EndGlobalSection
	GlobalSection(ProjectConfigurationPlatforms) = postSolution
		{306093C3-B894-407A-BEF3-FE6E740EE79F}.Debug|Any CPU.ActiveCfg = Debug|Any CPU
		{306093C3-B894-407A-BEF3-FE6E740EE79F}.Debug|Any CPU.Build.0 = Debug|Any CPU
		{306093C3-B894-407A-BEF3-FE6E740EE79F}.Release|Any CPU.ActiveCfg = Release|Any CPU
		{306093C3-B894-407A-BEF3-FE6E740EE79F}.Release|Any CPU.Build.0 = Release|Any CPU
		{9520183B-8832-4EC7-BCA3-D02A08CC8B37}.Debug|Any CPU.ActiveCfg = Debug|Any CPU
		{9520183B-8832-4EC7-BCA3-D02A08CC8B37}.Debug|Any CPU.Build.0 = Debug|Any CPU
		{9520183B-8832-4EC7-BCA3-D02A08CC8B37}.Release|Any CPU.ActiveCfg = Release|Any CPU
		{9520183B-8832-4EC7-BCA3-D02A08CC8B37}.Release|Any CPU.Build.0 = Release|Any CPU
		{515FABCB-F214-4778-9AE9-54F287251795}.Debug|Any CPU.ActiveCfg = Debug|Any CPU
		{515FABCB-F214-4778-9AE9-54F287251795}.Debug|Any CPU.Build.0 = Debug|Any CPU
		{515FABCB-F214-4778-9AE9-54F287251795}.Release|Any CPU.ActiveCfg = Release|Any CPU
		{515FABCB-F214-4778-9AE9-54F287251795}.Release|Any CPU.Build.0 = Release|Any CPU
		{E3D304A9-877D-46FC-8675-E59486706D3A}.Debug|Any CPU.ActiveCfg = Debug|Any CPU
		{E3D304A9-877D-46FC-8675-E59486706D3A}.Debug|Any CPU.Build.0 = Debug|Any CPU
		{E3D304A9-877D-46FC-8675-E59486706D3A}.Release|Any CPU.ActiveCfg = Release|Any CPU
		{E3D304A9-877D-46FC-8675-E59486706D3A}.Release|Any CPU.Build.0 = Release|Any CPU
	EndGlobalSection
	GlobalSection(SolutionProperties) = preSolution
		HideSolutionNode = FALSE
	EndGlobalSection
	GlobalSection(ExtensibilityGlobals) = postSolution
		SolutionGuid = {39111ACA-BDE5-4A05-997F-8DAFA781B2D8}
	EndGlobalSection
EndGlobal
